{
  "checksum": "ef93281a63d39121860aeb2db0be7b3aac826c62b1040e73bb5ddd732a677797",
  "conditions": {
    "aarch64-apple-darwin": [
      "aarch64-apple-darwin"
    ],
    "aarch64-apple-ios": [
      "aarch64-apple-ios"
    ],
    "aarch64-apple-ios-sim": [
      "aarch64-apple-ios-sim"
    ],
    "aarch64-linux-android": [
      "aarch64-linux-android"
    ],
    "aarch64-unknown-linux-gnu": [
      "aarch64-unknown-linux-gnu"
    ],
    "cfg(all(any(target_os = \"linux\", target_os = \"android\"), not(any(all(target_os = \"linux\", target_env = \"\"), getrandom_backend = \"custom\", getrandom_backend = \"linux_raw\", getrandom_backend = \"rdrand\", getrandom_backend = \"rndr\"))))": [
      "aarch64-linux-android",
      "aarch64-unknown-linux-gnu",
      "x86_64-linux-android",
      "x86_64-unknown-linux-gnu",
      "x86_64-unknown-nixos-gnu"
    ],
    "cfg(all(target_arch = \"wasm32\", target_os = \"wasi\", target_env = \"p2\"))": [],
    "cfg(all(target_os = \"uefi\", getrandom_backend = \"efi_rng\"))": [],
    "cfg(any())": [],
    "cfg(any(target_os = \"dragonfly\", target_os = \"freebsd\", target_os = \"hurd\", target_os = \"illumos\", target_os = \"cygwin\", all(target_os = \"horizon\", target_arch = \"arm\")))": [],
    "cfg(any(target_os = \"haiku\", target_os = \"redox\", target_os = \"nto\", target_os = \"aix\"))": [],
    "cfg(any(target_os = \"ios\", target_os = \"visionos\", target_os = \"watchos\", target_os = \"tvos\"))": [
      "aarch64-apple-ios",
      "aarch64-apple-ios-sim"
    ],
    "cfg(any(target_os = \"macos\", target_os = \"openbsd\", target_os = \"vita\", target_os = \"emscripten\"))": [
      "aarch64-apple-darwin"
    ],
    "cfg(target_os = \"netbsd\")": [],
    "cfg(target_os = \"solaris\")": [],
    "cfg(target_os = \"vxworks\")": [],
    "wasm32-unknown-unknown": [
      "wasm32-unknown-unknown"
    ],
    "wasm32-wasip1": [
      "wasm32-wasip1"
    ],
    "x86_64-linux-android": [
      "x86_64-linux-android"
    ],
    "x86_64-pc-windows-msvc": [
      "x86_64-pc-windows-msvc"
    ],
    "x86_64-unknown-linux-gnu": [
      "x86_64-unknown-linux-gnu"
    ],
    "x86_64-unknown-nixos-gnu": [
      "x86_64-unknown-nixos-gnu"
    ]
  },
  "crates": {
    "anyhow 1.0.102": {
      "build_script_attrs": {},
      "common_attrs": {
        "crate_features": [
          "default",
          "std"
        ],
        "edition": "2021",
        "extra_deps": [
          ":build_script_build"
        ]
      },
      "library_target_name": "anyhow",
      "license": "MIT OR Apache-2.0",
      "license_file": "LICENSE-APACHE",
      "license_ids": [
        "Apache-2.0",
        "MIT"
      ],
      "name": "anyhow",
      "package_url": "https://github.com/dtolnay/anyhow",
      "repository": {
        "Http": {
          "sha256": "7f202df86484c868dbad7eaa557ef785d5c66295e41b460ef922eca0723b842c",
          "url": "https://static.crates.io/crates/anyhow/1.0.102/download"
        }
      },
      "targets": [
        {
          "Library": {
            "crate_name": "anyhow",
            "crate_root": "src/lib.rs"
          }
        },
        {
          "BuildScript": {
            "crate_name": "build_script_build",
            "crate_root": "build.rs"
          }
        }
      ],
      "version": "1.0.102"
    },
    "async-task 4.7.1": {
      "common_attrs": {
        "crate_features": [
          "default",
          "std"
        ],
        "edition": "2021"
      },
      "library_target_name": "async_task",
      "license": "Apache-2.0 OR MIT",
      "license_file": "LICENSE-APACHE",
      "license_ids": [
        "Apache-2.0",
        "MIT"
      ],
      "name": "async-task",
      "package_url": "https://github.com/smol-rs/async-task",
      "repository": {
        "Http": {
          "sha256": "8b75356056920673b02621b35afd0f7dda9306d03c79a30f5c56c44cf256e3de",
          "url": "https://static.crates.io/crates/async-task/4.7.1/download"
        }
      },
      "targets": [
        {
          "Library": {
            "crate_name": "async_task",
            "crate_root": "src/lib.rs"
          }
        }
      ],
      "version": "4.7.1"
    },
    "cfg-if 1.0.4": {
      "common_attrs": {
        "edition": "2018"
      },
      "library_target_name": "cfg_if",
      "license": "MIT OR Apache-2.0",
      "license_file": "LICENSE-APACHE",
      "license_ids": [
        "Apache-2.0",
        "MIT"
      ],
      "name": "cfg-if",
      "package_url": "https://github.com/rust-lang/cfg-if",
      "repository": {
        "Http": {
          "sha256": "9330f8b2ff13f34540b44e946ef35111825727b38d33286ef986142615121801",
          "url": "https://static.crates.io/crates/cfg-if/1.0.4/download"
        }
      },
      "targets": [
        {
          "Library": {
            "crate_name": "cfg_if",
            "crate_root": "src/lib.rs"
          }
        }
      ],
      "version": "1.0.4"
    },
    "diff 0.1.13": {
      "common_attrs": {
        "edition": "2015"
      },
      "library_target_name": "diff",
      "license": "MIT OR Apache-2.0",
      "license_file": "LICENSE-APACHE",
      "license_ids": [
        "Apache-2.0",
        "MIT"
      ],
      "name": "diff",
      "package_url": "https://github.com/utkarshkukreti/diff.rs",
      "repository": {
        "Http": {
          "sha256": "56254986775e3233ffa9c4d7d3faaf6d36a2c09d30b20687e9f88bc8bafc16c8",
          "url": "https://static.crates.io/crates/diff/0.1.13/download"
        }
      },
      "targets": [
        {
          "Library": {
            "crate_name": "diff",
            "crate_root": "src/lib.rs"
          }
        }
      ],
      "version": "0.1.13"
    },
    "frustrate 0.1.0": {
      "common_attrs": {
        "deps": [
          {
            "id": "async-task 4.7.1",
            "target": "async_task"
          },
          {
            "id": "futures-sink 0.3.33",
            "target": "futures_sink"
          },
          {
            "id": "log 0.4.34",
            "target": "log"
          }
        ],
        "edition": "2021"
      },
      "library_target_name": "frustrate",
      "license": "Apache-2.0",
      "license_ids": [
        "Apache-2.0"
      ],
      "name": "frustrate",
      "repository": null,
      "targets": [
        {
          "Library": {
            "crate_name": "frustrate",
            "crate_root": "src/lib.rs"
          }
        }
      ],
      "version": "0.1.0"
    },
    "frustrate-codegen 0.1.0": {
      "common_attrs": {
        "deps": [
          {
            "id": "anyhow 1.0.102",
            "target": "anyhow"
          },
          {
            "id": "heck 0.5.0",
            "target": "heck"
          },
          {
            "id": "proc-macro2 1.0.106",
            "target": "proc_macro2"
          },
          {
            "id": "serde 1.0.228",
            "target": "serde"
          },
          {
            "id": "serde_json 1.0.150",
            "target": "serde_json"
          },
          {
            "id": "syn 2.0.117",
            "target": "syn"
          }
        ],
        "deps_dev": [
          {
            "id": "pretty_assertions 1.4.1",
            "target": "pretty_assertions"
          }
        ],
        "edition": "2021"
      },
      "library_target_name": "frustrate_codegen",
      "license": "Apache-2.0",
      "license_ids": [
        "Apache-2.0"
      ],
      "name": "frustrate-codegen",
      "repository": null,
      "targets": [
        {
          "Library": {
            "crate_name": "frustrate_codegen",
            "crate_root": "src/lib.rs"
          }
        }
      ],
      "version": "0.1.0"
    },
    "frustrate-getrandom 0.1.0": {
      "common_attrs": {
        "deps": [
          {
            "id": "getrandom 0.3.4",
            "target": "getrandom"
          }
        ],
        "edition": "2021"
      },
      "library_target_name": "frustrate_getrandom",
      "license": "Apache-2.0",
      "license_ids": [
        "Apache-2.0"
      ],
      "name": "frustrate-getrandom",
      "repository": null,
      "targets": [
        {
          "Library": {
            "crate_name": "frustrate_getrandom",
            "crate_root": "src/lib.rs"
          }
        }
      ],
      "version": "0.1.0"
    },
    "frustrate-hotpatch 0.1.0": {
      "common_attrs": {
        "deps": [
          {
            "id": "object 0.37.3",
            "target": "object"
          },
          {
            "id": "rustc-demangle 0.1.28",
            "target": "rustc_demangle"
          },
          {
            "id": "serde_json 1.0.150",
            "target": "serde_json"
          }
        ],
        "edition": "2021"
      },
      "library_target_name": "frustrate_hotpatch",
      "license": "Apache-2.0",
      "license_ids": [
        "Apache-2.0"
      ],
      "name": "frustrate-hotpatch",
      "repository": null,
      "targets": [
        {
          "Library": {
            "crate_name": "frustrate_hotpatch",
            "crate_root": "src/lib.rs"
          }
        }
      ],
      "version": "0.1.0"
    },
    "frustrate-macros 0.1.0": {
      "common_attrs": {
        "edition": "2021"
      },
      "library_target_name": "frustrate_macros",
      "license": "Apache-2.0",
      "license_ids": [
        "Apache-2.0"
      ],
      "name": "frustrate-macros",
      "repository": null,
      "targets": [
        {
          "ProcMacro": {
            "crate_name": "frustrate_macros",
            "crate_root": "src/lib.rs"
          }
        }
      ],
      "version": "0.1.0"
    },
    "futures-sink 0.3.33": {
      "common_attrs": {
        "edition": "2018"
      },
      "library_target_name": "futures_sink",
      "license": "MIT OR Apache-2.0",
      "license_file": "LICENSE-APACHE",
      "license_ids": [
        "Apache-2.0",
        "MIT"
      ],
      "name": "futures-sink",
      "package_url": "https://github.com/rust-lang/futures-rs",
      "repository": {
        "Http": {
          "sha256": "e34418ac499d6305c2fb5ad0ed2f6ac998c5f8ca209b4510f7f94242c647e307",
          "url": "https://static.crates.io/crates/futures-sink/0.3.33/download"
        }
      },
      "targets": [
        {
          "Library": {
            "crate_name": "futures_sink",
            "crate_root": "src/lib.rs"
          }
        }
      ],
      "version": "0.3.33"
    },
    "getrandom 0.3.4": {
      "build_script_attrs": {},
      "common_attrs": {
        "deps": {
          "common": [
            {
              "id": "cfg-if 1.0.4",
              "target": "cfg_if"
            }
          ],
          "selects": {
            "cfg(all(any(target_os = \"linux\", target_os = \"android\"), not(any(all(target_os = \"linux\", target_env = \"\"), getrandom_backend = \"custom\", getrandom_backend = \"linux_raw\", getrandom_backend = \"rdrand\", getrandom_backend = \"rndr\"))))": [
              {
                "id": "libc 0.2.189",
                "target": "libc"
              }
            ],
            "cfg(all(target_arch = \"wasm32\", target_os = \"wasi\", target_env = \"p2\"))": [
              {
                "id": "wasip2 1.0.4+wasi-0.2.12",
                "target": "wasip2"
              }
            ],
            "cfg(all(target_os = \"uefi\", getrandom_backend = \"efi_rng\"))": [
              {
                "id": "r-efi 5.3.0",
                "target": "r_efi"
              }
            ],
            "cfg(any(target_os = \"dragonfly\", target_os = \"freebsd\", target_os = \"hurd\", target_os = \"illumos\", target_os = \"cygwin\", all(target_os = \"horizon\", target_arch = \"arm\")))": [
              {
                "id": "libc 0.2.189",
                "target": "libc"
              }
            ],
            "cfg(any(target_os = \"haiku\", target_os = \"redox\", target_os = \"nto\", target_os = \"aix\"))": [
              {
                "id": "libc 0.2.189",
                "target": "libc"
              }
            ],
            "cfg(any(target_os = \"ios\", target_os = \"visionos\", target_os = \"watchos\", target_os = \"tvos\"))": [
              {
                "id": "libc 0.2.189",
                "target": "libc"
              }
            ],
            "cfg(any(target_os = \"macos\", target_os = \"openbsd\", target_os = \"vita\", target_os = \"emscripten\"))": [
              {
                "id": "libc 0.2.189",
                "target": "libc"
              }
            ],
            "cfg(target_os = \"netbsd\")": [
              {
                "id": "libc 0.2.189",
                "target": "libc"
              }
            ],
            "cfg(target_os = \"solaris\")": [
              {
                "id": "libc 0.2.189",
                "target": "libc"
              }
            ],
            "cfg(target_os = \"vxworks\")": [
              {
                "id": "libc 0.2.189",
                "target": "libc"
              }
            ]
          }
        },
        "edition": "2021",
        "extra_deps": [
          ":build_script_build"
        ]
      },
      "library_target_name": "getrandom",
      "license": "MIT OR Apache-2.0",
      "license_file": "LICENSE-APACHE",
      "license_ids": [
        "Apache-2.0",
        "MIT"
      ],
      "name": "getrandom",
      "package_url": "https://github.com/rust-random/getrandom",
      "repository": {
        "Http": {
          "sha256": "899def5c37c4fd7b2664648c28120ecec138e4d395b459e5ca34f9cce2dd77fd",
          "url": "https://static.crates.io/crates/getrandom/0.3.4/download"
        }
      },
      "targets": [
        {
          "Library": {
            "crate_name": "getrandom",
            "crate_root": "src/lib.rs"
          }
        },
        {
          "BuildScript": {
            "crate_name": "build_script_build",
            "crate_root": "build.rs"
          }
        }
      ],
      "version": "0.3.4"
    },
    "heck 0.5.0": {
      "common_attrs": {
        "edition": "2021"
      },
      "library_target_name": "heck",
      "license": "MIT OR Apache-2.0",
      "license_file": "LICENSE-APACHE",
      "license_ids": [
        "Apache-2.0",
        "MIT"
      ],
      "name": "heck",
      "package_url": "https://github.com/withoutboats/heck",
      "repository": {
        "Http": {
          "sha256": "2304e00983f87ffb38b55b444b5e3b60a884b5d30c0fca7d82fe33449bbe55ea",
          "url": "https://static.crates.io/crates/heck/0.5.0/download"
        }
      },
      "targets": [
        {
          "Library": {
            "crate_name": "heck",
            "crate_root": "src/lib.rs"
          }
        }
      ],
      "version": "0.5.0"
    },
    "itoa 1.0.18": {
      "common_attrs": {
        "edition": "2021"
      },
      "library_target_name": "itoa",
      "license": "MIT OR Apache-2.0",
      "license_file": "LICENSE-APACHE",
      "license_ids": [
        "Apache-2.0",
        "MIT"
      ],
      "name": "itoa",
      "package_url": "https://github.com/dtolnay/itoa",
      "repository": {
        "Http": {
          "sha256": "8f42a60cbdf9a97f5d2305f08a87dc4e09308d1276d28c869c684d7777685682",
          "url": "https://static.crates.io/crates/itoa/1.0.18/download"
        }
      },
      "targets": [
        {
          "Library": {
            "crate_name": "itoa",
            "crate_root": "src/lib.rs"
          }
        }
      ],
      "version": "1.0.18"
    },
    "libc 0.2.189": {
      "build_script_attrs": {},
      "common_attrs": {
        "edition": "2021",
        "extra_deps": [
          ":build_script_build"
        ]
      },
      "library_target_name": "libc",
      "license": "MIT OR Apache-2.0",
      "license_file": "LICENSE-APACHE",
      "license_ids": [
        "Apache-2.0",
        "MIT"
      ],
      "name": "libc",
      "package_url": "https://github.com/rust-lang/libc",
      "repository": {
        "Http": {
          "sha256": "3eaf3ede3fee6db1a4c2ee091bf8a8b4dccdc6d17f656fb07896ee72867612f2",
          "url": "https://static.crates.io/crates/libc/0.2.189/download"
        }
      },
      "targets": [
        {
          "Library": {
            "crate_name": "libc",
            "crate_root": "src/lib.rs"
          }
        },
        {
          "BuildScript": {
            "crate_name": "build_script_build",
            "crate_root": "build.rs"
          }
        }
      ],
      "version": "0.2.189"
    },
    "log 0.4.34": {
      "common_attrs": {
        "edition": "2021"
      },
      "library_target_name": "log",
      "license": "MIT OR Apache-2.0",
      "license_file": "LICENSE-APACHE",
      "license_ids": [
        "Apache-2.0",
        "MIT"
      ],
      "name": "log",
      "package_url": "https://github.com/rust-lang/log",
      "repository": {
        "Http": {
          "sha256": "f9f8bd3e56ce4dfc153cf470fffbfa98c7620958b312ca5c3a4b8d5181fd13c6",
          "url": "https://static.crates.io/crates/log/0.4.34/download"
        }
      },
      "targets": [
        {
          "Library": {
            "crate_name": "log",
            "crate_root": "src/lib.rs"
          }
        }
      ],
      "version": "0.4.34"
    },
    "memchr 2.8.2": {
      "common_attrs": {
        "crate_features": [
          "alloc",
          "std"
        ],
        "edition": "2021"
      },
      "library_target_name": "memchr",
      "license": "Unlicense OR MIT",
      "license_file": "LICENSE-MIT",
      "license_ids": [
        "MIT",
        "Unlicense"
      ],
      "name": "memchr",
      "package_url": "https://github.com/BurntSushi/memchr",
      "repository": {
        "Http": {
          "sha256": "88904434abc2901f197fe8cc55f0445e7ded921dba5911dad2e2b39b48e663c4",
          "url": "https://static.crates.io/crates/memchr/2.8.2/download"
        }
      },
      "targets": [
        {
          "Library": {
            "crate_name": "memchr",
            "crate_root": "src/lib.rs"
          }
        }
      ],
      "version": "2.8.2"
    },
    "object 0.37.3": {
      "build_script_attrs": {},
      "common_attrs": {
        "crate_features": [
          "elf",
          "macho",
          "read_core",
          "std",
          "unaligned"
        ],
        "deps": [
          {
            "id": "memchr 2.8.2",
            "target": "memchr"
          }
        ],
        "edition": "2018",
        "extra_deps": [
          ":build_script_build"
        ]
      },
      "library_target_name": "object",
      "license": "Apache-2.0 OR MIT",
      "license_file": "LICENSE-APACHE",
      "license_ids": [
        "Apache-2.0",
        "MIT"
      ],
      "name": "object",
      "package_url": "https://github.com/gimli-rs/object",
      "repository": {
        "Http": {
          "sha256": "ff76201f031d8863c38aa7f905eca4f53abbfa15f609db4277d44cd8938f33fe",
          "url": "https://static.crates.io/crates/object/0.37.3/download"
        }
      },
      "targets": [
        {
          "Library": {
            "crate_name": "object",
            "crate_root": "src/lib.rs"
          }
        },
        {
          "BuildScript": {
            "crate_name": "build_script_build",
            "crate_root": "build.rs"
          }
        }
      ],
      "version": "0.37.3"
    },
    "pollster 1.0.1": {
      "common_attrs": {
        "edition": "2018"
      },
      "library_target_name": "pollster",
      "license": "Apache-2.0/MIT",
      "license_file": "LICENSE-APACHE",
      "license_ids": [
        "Apache-2.0",
        "MIT"
      ],
      "name": "pollster",
      "package_url": "https://github.com/zesterer/pollster",
      "repository": {
        "Http": {
          "sha256": "bc6355899e1c9462875b6757c79f3caa011a1fdae12bbb1a2e72dd1f234f8336",
          "url": "https://static.crates.io/crates/pollster/1.0.1/download"
        }
      },
      "targets": [
        {
          "Library": {
            "crate_name": "pollster",
            "crate_root": "src/lib.rs"
          }
        }
      ],
      "version": "1.0.1"
    },
    "pretty_assertions 1.4.1": {
      "common_attrs": {
        "crate_features": [
          "default",
          "std"
        ],
        "deps": [
          {
            "id": "diff 0.1.13",
            "target": "diff"
          },
          {
            "id": "yansi 1.0.1",
            "target": "yansi"
          }
        ],
        "edition": "2018"
      },
      "library_target_name": "pretty_assertions",
      "license": "MIT OR Apache-2.0",
      "license_file": "LICENSE-APACHE",
      "license_ids": [
        "Apache-2.0",
        "MIT"
      ],
      "name": "pretty_assertions",
      "package_url": "https://github.com/rust-pretty-assertions/rust-pretty-assertions",
      "repository": {
        "Http": {
          "sha256": "3ae130e2f271fbc2ac3a40fb1d07180839cdbbe443c7a27e1e3c13c5cac0116d",
          "url": "https://static.crates.io/crates/pretty_assertions/1.4.1/download"
        }
      },
      "targets": [
        {
          "Library": {
            "crate_name": "pretty_assertions",
            "crate_root": "src/lib.rs"
          }
        }
      ],
      "version": "1.4.1"
    },
    "proc-macro2 1.0.106": {
      "build_script_attrs": {},
      "common_attrs": {
        "crate_features": [
          "default",
          "proc-macro",
          "span-locations"
        ],
        "deps": [
          {
            "id": "unicode-ident 1.0.24",
            "target": "unicode_ident"
          }
        ],
        "edition": "2021",
        "extra_deps": [
          ":build_script_build"
        ]
      },
      "library_target_name": "proc_macro2",
      "license": "MIT OR Apache-2.0",
      "license_file": "LICENSE-APACHE",
      "license_ids": [
        "Apache-2.0",
        "MIT"
      ],
      "name": "proc-macro2",
      "package_url": "https://github.com/dtolnay/proc-macro2",
      "repository": {
        "Http": {
          "sha256": "8fd00f0bb2e90d81d1044c2b32617f68fcb9fa3bb7640c23e9c748e53fb30934",
          "url": "https://static.crates.io/crates/proc-macro2/1.0.106/download"
        }
      },
      "targets": [
        {
          "Library": {
            "crate_name": "proc_macro2",
            "crate_root": "src/lib.rs"
          }
        },
        {
          "BuildScript": {
            "crate_name": "build_script_build",
            "crate_root": "build.rs"
          }
        }
      ],
      "version": "1.0.106"
    },
    "quote 1.0.45": {
      "build_script_attrs": {},
      "common_attrs": {
        "crate_features": [
          "proc-macro"
        ],
        "deps": [
          {
            "id": "proc-macro2 1.0.106",
            "target": "proc_macro2"
          }
        ],
        "edition": "2021",
        "extra_deps": [
          ":build_script_build"
        ]
      },
      "library_target_name": "quote",
      "license": "MIT OR Apache-2.0",
      "license_file": "LICENSE-APACHE",
      "license_ids": [
        "Apache-2.0",
        "MIT"
      ],
      "name": "quote",
      "package_url": "https://github.com/dtolnay/quote",
      "repository": {
        "Http": {
          "sha256": "41f2619966050689382d2b44f664f4bc593e129785a36d6ee376ddf37259b924",
          "url": "https://static.crates.io/crates/quote/1.0.45/download"
        }
      },
      "targets": [
        {
          "Library": {
            "crate_name": "quote",
            "crate_root": "src/lib.rs"
          }
        },
        {
          "BuildScript": {
            "crate_name": "build_script_build",
            "crate_root": "build.rs"
          }
        }
      ],
      "version": "1.0.45"
    },
    "r-efi 5.3.0": {
      "common_attrs": {
        "edition": "2018"
      },
      "library_target_name": "r_efi",
      "license": "MIT OR Apache-2.0 OR LGPL-2.1-or-later",
      "license_ids": [
        "Apache-2.0",
        "LGPL-2.1",
        "MIT"
      ],
      "name": "r-efi",
      "package_url": "https://github.com/r-efi/r-efi",
      "repository": {
        "Http": {
          "sha256": "69cdb34c158ceb288df11e18b4bd39de994f6657d83847bdffdbd7f346754b0f",
          "url": "https://static.crates.io/crates/r-efi/5.3.0/download"
        }
      },
      "targets": [
        {
          "Library": {
            "crate_name": "r_efi",
            "crate_root": "src/lib.rs"
          }
        }
      ],
      "version": "5.3.0"
    },
    "rustc-demangle 0.1.28": {
      "common_attrs": {
        "edition": "2015"
      },
      "library_target_name": "rustc_demangle",
      "license": "MIT/Apache-2.0",
      "license_file": "LICENSE-APACHE",
      "license_ids": [
        "Apache-2.0",
        "MIT"
      ],
      "name": "rustc-demangle",
      "package_url": "https://github.com/rust-lang/rustc-demangle",
      "repository": {
        "Http": {
          "sha256": "b74b56ffa8bb2830709a538c2cbcae9aa062db0d2a42563bfb09bdaae44020eb",
          "url": "https://static.crates.io/crates/rustc-demangle/0.1.28/download"
        }
      },
      "targets": [
        {
          "Library": {
            "crate_name": "rustc_demangle",
            "crate_root": "src/lib.rs"
          }
        }
      ],
      "version": "0.1.28"
    },
    "serde 1.0.228": {
      "build_script_attrs": {},
      "common_attrs": {
        "crate_features": [
          "default",
          "derive",
          "serde_derive",
          "std"
        ],
        "deps": [
          {
            "id": "serde_core 1.0.228",
            "target": "serde_core"
          }
        ],
        "edition": "2021",
        "extra_deps": [
          ":build_script_build"
        ],
        "proc_macro_deps": [
          {
            "id": "serde_derive 1.0.228",
            "target": "serde_derive"
          }
        ]
      },
      "library_target_name": "serde",
      "license": "MIT OR Apache-2.0",
      "license_file": "LICENSE-APACHE",
      "license_ids": [
        "Apache-2.0",
        "MIT"
      ],
      "name": "serde",
      "package_url": "https://github.com/serde-rs/serde",
      "repository": {
        "Http": {
          "sha256": "9a8e94ea7f378bd32cbbd37198a4a91436180c5bb472411e48b5ec2e2124ae9e",
          "url": "https://static.crates.io/crates/serde/1.0.228/download"
        }
      },
      "targets": [
        {
          "Library": {
            "crate_name": "serde",
            "crate_root": "src/lib.rs"
          }
        },
        {
          "BuildScript": {
            "crate_name": "build_script_build",
            "crate_root": "build.rs"
          }
        }
      ],
      "version": "1.0.228"
    },
    "serde_core 1.0.228": {
      "build_script_attrs": {},
      "common_attrs": {
        "crate_features": [
          "result",
          "std"
        ],
        "edition": "2021",
        "extra_deps": [
          ":build_script_build"
        ],
        "proc_macro_deps": {
          "common": [],
          "selects": {
            "cfg(any())": [
              {
                "id": "serde_derive 1.0.228",
                "target": "serde_derive"
              }
            ]
          }
        }
      },
      "library_target_name": "serde_core",
      "license": "MIT OR Apache-2.0",
      "license_file": "LICENSE-APACHE",
      "license_ids": [
        "Apache-2.0",
        "MIT"
      ],
      "name": "serde_core",
      "package_url": "https://github.com/serde-rs/serde",
      "repository": {
        "Http": {
          "sha256": "41d385c7d4ca58e59fc732af25c3983b67ac852c1a25000afe1175de458b67ad",
          "url": "https://static.crates.io/crates/serde_core/1.0.228/download"
        }
      },
      "targets": [
        {
          "Library": {
            "crate_name": "serde_core",
            "crate_root": "src/lib.rs"
          }
        },
        {
          "BuildScript": {
            "crate_name": "build_script_build",
            "crate_root": "build.rs"
          }
        }
      ],
      "version": "1.0.228"
    },
    "serde_derive 1.0.228": {
      "common_attrs": {
        "crate_features": [
          "default"
        ],
        "deps": [
          {
            "id": "proc-macro2 1.0.106",
            "target": "proc_macro2"
          },
          {
            "id": "quote 1.0.45",
            "target": "quote"
          },
          {
            "id": "syn 2.0.117",
            "target": "syn"
          }
        ],
        "edition": "2021"
      },
      "library_target_name": "serde_derive",
      "license": "MIT OR Apache-2.0",
      "license_file": "LICENSE-APACHE",
      "license_ids": [
        "Apache-2.0",
        "MIT"
      ],
      "name": "serde_derive",
      "package_url": "https://github.com/serde-rs/serde",
      "repository": {
        "Http": {
          "sha256": "d540f220d3187173da220f885ab66608367b6574e925011a9353e4badda91d79",
          "url": "https://static.crates.io/crates/serde_derive/1.0.228/download"
        }
      },
      "targets": [
        {
          "ProcMacro": {
            "crate_name": "serde_derive",
            "crate_root": "src/lib.rs"
          }
        }
      ],
      "version": "1.0.228"
    },
    "serde_json 1.0.150": {
      "build_script_attrs": {},
      "common_attrs": {
        "crate_features": [
          "default",
          "std"
        ],
        "deps": {
          "common": [
            {
              "id": "itoa 1.0.18",
              "target": "itoa"
            },
            {
              "id": "memchr 2.8.2",
              "target": "memchr"
            },
            {
              "id": "serde_core 1.0.228",
              "target": "serde_core"
            },
            {
              "id": "zmij 1.0.21",
              "target": "zmij"
            }
          ],
          "selects": {
            "cfg(any())": [
              {
                "id": "serde 1.0.228",
                "target": "serde"
              }
            ]
          }
        },
        "edition": "2021",
        "extra_deps": [
          ":build_script_build"
        ]
      },
      "library_target_name": "serde_json",
      "license": "MIT OR Apache-2.0",
      "license_file": "LICENSE-APACHE",
      "license_ids": [
        "Apache-2.0",
        "MIT"
      ],
      "name": "serde_json",
      "package_url": "https://github.com/serde-rs/json",
      "repository": {
        "Http": {
          "sha256": "e8014e44b4736ed0538adeecded0fce2a272f22dc9578a7eb6b2d9993c74cfb9",
          "url": "https://static.crates.io/crates/serde_json/1.0.150/download"
        }
      },
      "targets": [
        {
          "Library": {
            "crate_name": "serde_json",
            "crate_root": "src/lib.rs"
          }
        },
        {
          "BuildScript": {
            "crate_name": "build_script_build",
            "crate_root": "build.rs"
          }
        }
      ],
      "version": "1.0.150"
    },
    "shape-coverage 0.1.0": {
      "common_attrs": {
        "edition": "2021"
      },
      "license": "Apache-2.0",
      "license_ids": [
        "Apache-2.0"
      ],
      "name": "shape-coverage",
      "repository": null,
      "targets": [],
      "version": "0.1.0"
    },
    "syn 2.0.117": {
      "common_attrs": {
        "crate_features": [
          "clone-impls",
          "default",
          "derive",
          "extra-traits",
          "full",
          "parsing",
          "printing",
          "proc-macro"
        ],
        "deps": [
          {
            "id": "proc-macro2 1.0.106",
            "target": "proc_macro2"
          },
          {
            "id": "quote 1.0.45",
            "target": "quote"
          },
          {
            "id": "unicode-ident 1.0.24",
            "target": "unicode_ident"
          }
        ],
        "edition": "2021"
      },
      "library_target_name": "syn",
      "license": "MIT OR Apache-2.0",
      "license_file": "LICENSE-APACHE",
      "license_ids": [
        "Apache-2.0",
        "MIT"
      ],
      "name": "syn",
      "package_url": "https://github.com/dtolnay/syn",
      "repository": {
        "Http": {
          "sha256": "e665b8803e7b1d2a727f4023456bbbbe74da67099c585258af0ad9c5013b9b99",
          "url": "https://static.crates.io/crates/syn/2.0.117/download"
        }
      },
      "targets": [
        {
          "Library": {
            "crate_name": "syn",
            "crate_root": "src/lib.rs"
          }
        }
      ],
      "version": "2.0.117"
    },
    "test_api 0.1.0": {
      "build_script_attrs": {},
      "common_attrs": {
        "deps": [
          {
            "id": "anyhow 1.0.102",
            "target": "anyhow"
          },
          {
            "id": "log 0.4.34",
            "target": "log"
          },
          {
            "id": "pollster 1.0.1",
            "target": "pollster"
          }
        ],
        "deps_dev": [
          {
            "id": "serde_json 1.0.150",
            "target": "serde_json"
          }
        ],
        "edition": "2021",
        "extra_deps": [
          ":build_script_build"
        ]
      },
      "library_target_name": "test_api",
      "name": "test_api",
      "repository": null,
      "targets": [
        {
          "Library": {
            "crate_name": "test_api",
            "crate_root": "src/lib.rs"
          }
        },
        {
          "BuildScript": {
            "crate_name": "build_script_build",
            "crate_root": "build.rs"
          }
        }
      ],
      "version": "0.1.0"
    },
    "unicode-ident 1.0.24": {
      "common_attrs": {
        "edition": "2021"
      },
      "library_target_name": "unicode_ident",
      "license": "(MIT OR Apache-2.0) AND Unicode-3.0",
      "license_file": "LICENSE-APACHE",
      "license_ids": [
        "Apache-2.0",
        "MIT",
        "Unicode-3.0"
      ],
      "name": "unicode-ident",
      "package_url": "https://github.com/dtolnay/unicode-ident",
      "repository": {
        "Http": {
          "sha256": "e6e4313cd5fcd3dad5cafa179702e2b244f760991f45397d14d4ebf38247da75",
          "url": "https://static.crates.io/crates/unicode-ident/1.0.24/download"
        }
      },
      "targets": [
        {
          "Library": {
            "crate_name": "unicode_ident",
            "crate_root": "src/lib.rs"
          }
        }
      ],
      "version": "1.0.24"
    },
    "wasip2 1.0.4+wasi-0.2.12": {
      "common_attrs": {
        "deps": [
          {
            "id": "wit-bindgen 0.57.1",
            "target": "wit_bindgen"
          }
        ],
        "edition": "2021"
      },
      "library_target_name": "wasip2",
      "license": "Apache-2.0 WITH LLVM-exception OR Apache-2.0 OR MIT",
      "license_file": "LICENSE-APACHE",
      "license_ids": [
        "Apache-2.0",
        "MIT"
      ],
      "name": "wasip2",
      "package_url": "https://github.com/bytecodealliance/wasi-rs",
      "repository": {
        "Http": {
          "sha256": "b67efb37e106e55ce722a510d6b5f9c17f083e5fc79afc2badeb12cc313d9487",
          "url": "https://static.crates.io/crates/wasip2/1.0.4+wasi-0.2.12/download"
        }
      },
      "targets": [
        {
          "Library": {
            "crate_name": "wasip2",
            "crate_root": "src/lib.rs"
          }
        }
      ],
      "version": "1.0.4+wasi-0.2.12"
    },
    "wasm-block-check 0.1.0": {
      "common_attrs": {
        "edition": "2021"
      },
      "license": "Apache-2.0",
      "license_ids": [
        "Apache-2.0"
      ],
      "name": "wasm-block-check",
      "repository": null,
      "targets": [],
      "version": "0.1.0"
    },
    "wit-bindgen 0.57.1": {
      "build_script_attrs": {},
      "common_attrs": {
        "edition": "2024",
        "extra_deps": [
          ":build_script_build"
        ]
      },
      "library_target_name": "wit_bindgen",
      "license": "Apache-2.0 WITH LLVM-exception OR Apache-2.0 OR MIT",
      "license_file": "LICENSE-APACHE",
      "license_ids": [
        "Apache-2.0",
        "MIT"
      ],
      "name": "wit-bindgen",
      "package_url": "https://github.com/bytecodealliance/wit-bindgen",
      "repository": {
        "Http": {
          "sha256": "1ebf944e87a7c253233ad6766e082e3cd714b5d03812acc24c318f549614536e",
          "url": "https://static.crates.io/crates/wit-bindgen/0.57.1/download"
        }
      },
      "targets": [
        {
          "Library": {
            "crate_name": "wit_bindgen",
            "crate_root": "src/lib.rs"
          }
        },
        {
          "BuildScript": {
            "crate_name": "build_script_build",
            "crate_root": "build.rs"
          }
        }
      ],
      "version": "0.57.1"
    },
    "yansi 1.0.1": {
      "common_attrs": {
        "crate_features": [
          "alloc",
          "default",
          "std"
        ],
        "edition": "2021"
      },
      "library_target_name": "yansi",
      "license": "MIT OR Apache-2.0",
      "license_file": "LICENSE-APACHE",
      "license_ids": [
        "Apache-2.0",
        "MIT"
      ],
      "name": "yansi",
      "package_url": "https://github.com/SergioBenitez/yansi",
      "repository": {
        "Http": {
          "sha256": "cfe53a6657fd280eaa890a3bc59152892ffa3e30101319d168b781ed6529b049",
          "url": "https://static.crates.io/crates/yansi/1.0.1/download"
        }
      },
      "targets": [
        {
          "Library": {
            "crate_name": "yansi",
            "crate_root": "src/lib.rs"
          }
        }
      ],
      "version": "1.0.1"
    },
    "zmij 1.0.21": {
      "build_script_attrs": {},
      "common_attrs": {
        "edition": "2021",
        "extra_deps": [
          ":build_script_build"
        ]
      },
      "library_target_name": "zmij",
      "license": "MIT",
      "license_file": "LICENSE-MIT",
      "license_ids": [
        "MIT"
      ],
      "name": "zmij",
      "package_url": "https://github.com/dtolnay/zmij",
      "repository": {
        "Http": {
          "sha256": "b8848ee67ecc8aedbaf3e4122217aff892639231befc6a1b58d29fff4c2cabaa",
          "url": "https://static.crates.io/crates/zmij/1.0.21/download"
        }
      },
      "targets": [
        {
          "Library": {
            "crate_name": "zmij",
            "crate_root": "src/lib.rs"
          }
        },
        {
          "BuildScript": {
            "crate_name": "build_script_build",
            "crate_root": "build.rs"
          }
        }
      ],
      "version": "1.0.21"
    }
  },
  "direct_deps": [
    "anyhow 1.0.102",
    "async-task 4.7.1",
    "futures-sink 0.3.33",
    "getrandom 0.3.4",
    "heck 0.5.0",
    "log 0.4.34",
    "object 0.37.3",
    "pollster 1.0.1",
    "proc-macro2 1.0.106",
    "rustc-demangle 0.1.28",
    "serde 1.0.228",
    "serde_json 1.0.150",
    "syn 2.0.117"
  ],
  "direct_dev_deps": [
    "pretty_assertions 1.4.1"
  ],
  "workspace_members": {
    "frustrate 0.1.0": "runtime/rust",
    "frustrate-codegen 0.1.0": "codegen",
    "frustrate-getrandom 0.1.0": "ext/getrandom",
    "frustrate-hotpatch 0.1.0": "hotpatch",
    "frustrate-macros 0.1.0": "macros",
    "shape-coverage 0.1.0": "tools/shape_coverage",
    "test_api 0.1.0": "tests/test_api",
    "wasm-block-check 0.1.0": "bazel/wasm_block_check"
  }
}
